
Microsoft Visual Studio Solution File, Format Version 12.00
# Visual Studio Version 16
VisualStudioVersion = 16.0.30804.86
MinimumVisualStudioVersion = 10.0.40219.1
Project("{FAE04EC0-301F-11D3-BF4B-00C04F79EFBC}") = "VSDockerizer", "VSDockerizer\VSDockerizer.csproj", "{FA993036-520B-47E8-A9AE-9134BF3B363A}"
EndProject
Global
	GlobalSection(SolutionConfigurationPlatforms) = preSolution
		Debug|Any CPU = Debug|Any CPU
		Release|Any CPU = Release|Any CPU
	EndGlobalSection
	GlobalSection(ProjectConfigurationPlatforms) = postSolution
		{FA993036-520B-47E8-A9AE-9134BF3B363A}.Debug|Any CPU.ActiveCfg = Debug|Any CPU
		{FA993036-520B-47E8-A9AE-9134BF3B363A}.Debug|Any CPU.Build.0 = Debug|Any CPU
		{FA993036-520B-47E8-A9AE-9134BF3B363A}.Release|Any CPU.ActiveCfg = Release|Any CPU
		{FA993036-520B-47E8-A9AE-9134BF3B363A}.Release|Any CPU.Build.0 = Release|Any CPU
	EndGlobalSection
	GlobalSection(SolutionProperties) = preSolution
		HideSolutionNode = FALSE
	EndGlobalSection
	GlobalSection(ExtensibilityGlobals) = postSolution
		SolutionGuid = {57B46FEF-6A1F-4429-9948-FDF4A0D944F3}
	EndGlobalSection
EndGlobal
